// !$*UTF8*$!
{
	archiveVersion = 1;
	classes = {
	};
	objectVersion = 46;
	objects = {

/* Begin PBXBuildFile section */
		560A4A8C1428AD4300754FD0 /* UIKit.framework in Frameworks */ = {isa = PBXBuildFile; fileRef = 560A4A8B1428AD4300754FD0 /* UIKit.framework */; };
		560A4A8E1428AD4300754FD0 /* Foundation.framework in Frameworks */ = {isa = PBXBuildFile; fileRef = 560A4A8D1428AD4300754FD0 /* Foundation.framework */; };
		560A4A901428AD4300754FD0 /* CoreGraphics.framework in Frameworks */ = {isa = PBXBuildFile; fileRef = 560A4A8F1428AD4300754FD0 /* CoreGraphics.framework */; };
		560A4A961428AD4300754FD0 /* InfoPlist.strings in Resources */ = {isa = PBXBuildFile; fileRef = 560A4A941428AD4300754FD0 /* InfoPlist.strings */; };
		560A4A981428AD4300754FD0 /* main.m in Sources */ = {isa = PBXBuildFile; fileRef = 560A4A971428AD4300754FD0 /* main.m */; };
		560A4A9C1428AD4300754FD0 /* DemoAudioAppDelegate.m in Sources */ = {isa = PBXBuildFile; fileRef = 560A4A9B1428AD4300754FD0 /* DemoAudioAppDelegate.m */; };
		560A4A9F1428AD4300754FD0 /* MainWindow.xib in Resources */ = {isa = PBXBuildFile; fileRef = 560A4A9D1428AD4300754FD0 /* MainWindow.xib */; };
		560A4AB31428AD4300754FD0 /* SenTestingKit.framework in Frameworks */ = {isa = PBXBuildFile; fileRef = 560A4AB21428AD4300754FD0 /* SenTestingKit.framework */; };
		560A4AB41428AD4300754FD0 /* UIKit.framework in Frameworks */ = {isa = PBXBuildFile; fileRef = 560A4A8B1428AD4300754FD0 /* UIKit.framework */; };
		560A4AB51428AD4300754FD0 /* Foundation.framework in Frameworks */ = {isa = PBXBuildFile; fileRef = 560A4A8D1428AD4300754FD0 /* Foundation.framework */; };
		560A4AB61428AD4300754FD0 /* CoreGraphics.framework in Frameworks */ = {isa = PBXBuildFile; fileRef = 560A4A8F1428AD4300754FD0 /* CoreGraphics.framework */; };
		560A4ABE1428AD4300754FD0 /* InfoPlist.strings in Resources */ = {isa = PBXBuildFile; fileRef = 560A4ABC1428AD4300754FD0 /* InfoPlist.strings */; };
		560A4AC01428AD4300754FD0 /* DemoAudioTests.h in Resources */ = {isa = PBXBuildFile; fileRef = 560A4ABF1428AD4300754FD0 /* DemoAudioTests.h */; };
		560A4AC21428AD4300754FD0 /* DemoAudioTests.m in Sources */ = {isa = PBXBuildFile; fileRef = 560A4AC11428AD4300754FD0 /* DemoAudioTests.m */; };
		56258626142C625700EB53A6 /* AVFoundation.framework in Frameworks */ = {isa = PBXBuildFile; fileRef = 56258625142C625700EB53A6 /* AVFoundation.framework */; };
		56D8C9B91428D4EC00DB374F /* SystemSoundServicesViewController.m in Sources */ = {isa = PBXBuildFile; fileRef = 56D8C9B71428D4EC00DB374F /* SystemSoundServicesViewController.m */; };
		56D8C9BA1428D4EC00DB374F /* SystemSoundServicesViewController.xib in Resources */ = {isa = PBXBuildFile; fileRef = 56D8C9B81428D4EC00DB374F /* SystemSoundServicesViewController.xib */; };
		56D8C9BE1428D61B00DB374F /* AVFoundationViewController.m in Sources */ = {isa = PBXBuildFile; fileRef = 56D8C9BC1428D61B00DB374F /* AVFoundationViewController.m */; };
		56D8C9BF1428D61B00DB374F /* AVFoundationViewController.xib in Resources */ = {isa = PBXBuildFile; fileRef = 56D8C9BD1428D61B00DB374F /* AVFoundationViewController.xib */; };
		56D8C9C31428D68F00DB374F /* AudioQueueServicesViewController.m in Sources */ = {isa = PBXBuildFile; fileRef = 56D8C9C11428D68F00DB374F /* AudioQueueServicesViewController.m */; };
		56D8C9C41428D68F00DB374F /* AudioQueueServicesViewController.xib in Resources */ = {isa = PBXBuildFile; fileRef = 56D8C9C21428D68F00DB374F /* AudioQueueServicesViewController.xib */; };
		56D8C9C81428D6CA00DB374F /* AudioUnitViewController.m in Sources */ = {isa = PBXBuildFile; fileRef = 56D8C9C61428D6CA00DB374F /* AudioUnitViewController.m */; };
		56D8C9C91428D6CA00DB374F /* AudioUnitViewController.xib in Resources */ = {isa = PBXBuildFile; fileRef = 56D8C9C71428D6CA00DB374F /* AudioUnitViewController.xib */; };
		56D8C9CF1428DA7C00DB374F /* AudioToolbox.framework in Frameworks */ = {isa = PBXBuildFile; fileRef = 56D8C9CE1428DA7C00DB374F /* AudioToolbox.framework */; };
		56D8C9DA1428EA3B00DB374F /* beep.aif in Resources */ = {isa = PBXBuildFile; fileRef = 56D8C9D91428EA3B00DB374F /* beep.aif */; };
/* End PBXBuildFile section */

/* Begin PBXContainerItemProxy section */
		560A4AB71428AD4300754FD0 /* PBXContainerItemProxy */ = {
			isa = PBXContainerItemProxy;
			containerPortal = 560A4A7E1428AD4200754FD0 /* Project object */;
			proxyType = 1;
			remoteGlobalIDString = 560A4A861428AD4200754FD0;
			remoteInfo = DemoAudio;
		};
/* End PBXContainerItemProxy section */

/* Begin PBXFileReference section */
		560A4A871428AD4300754FD0 /* DemoAudio.app */ = {isa = PBXFileReference; explicitFileType = wrapper.application; includeInIndex = 0; path = DemoAudio.app; sourceTree = BUILT_PRODUCTS_DIR; };
		560A4A8B1428AD4300754FD0 /* UIKit.framework */ = {isa = PBXFileReference; lastKnownFileType = wrapper.framework; name = UIKit.framework; path = System/Library/Frameworks/UIKit.framework; sourceTree = SDKROOT; };
		560A4A8D1428AD4300754FD0 /* Foundation.framework */ = {isa = PBXFileReference; lastKnownFileType = wrapper.framework; name = Foundation.framework; path = System/Library/Frameworks/Foundation.framework; sourceTree = SDKROOT; };
		560A4A8F1428AD4300754FD0 /* CoreGraphics.framework */ = {isa = PBXFileReference; lastKnownFileType = wrapper.framework; name = CoreGraphics.framework; path = System/Library/Frameworks/CoreGraphics.framework; sourceTree = SDKROOT; };
		560A4A931428AD4300754FD0 /* DemoAudio-Info.plist */ = {isa = PBXFileReference; lastKnownFileType = text.plist.xml; path = "DemoAudio-Info.plist"; sourceTree = "<group>"; };
		560A4A951428AD4300754FD0 /* en */ = {isa = PBXFileReference; lastKnownFileType = text.plist.strings; name = en; path = en.lproj/InfoPlist.strings; sourceTree = "<group>"; };
		560A4A971428AD4300754FD0 /* main.m */ = {isa = PBXFileReference; lastKnownFileType = sourcecode.c.objc; path = main.m; sourceTree = "<group>"; };
		560A4A991428AD4300754FD0 /* DemoAudio-Prefix.pch */ = {isa = PBXFileReference; lastKnownFileType = sourcecode.c.h; path = "DemoAudio-Prefix.pch"; sourceTree = "<group>"; };
		560A4A9A1428AD4300754FD0 /* DemoAudioAppDelegate.h */ = {isa = PBXFileReference; lastKnownFileType = sourcecode.c.h; path = DemoAudioAppDelegate.h; sourceTree = "<group>"; };
		560A4A9B1428AD4300754FD0 /* DemoAudioAppDelegate.m */ = {isa = PBXFileReference; lastKnownFileType = sourcecode.c.objc; path = DemoAudioAppDelegate.m; sourceTree = "<group>"; };
		560A4A9E1428AD4300754FD0 /* en */ = {isa = PBXFileReference; lastKnownFileType = file.xib; name = en; path = en.lproj/MainWindow.xib; sourceTree = "<group>"; };
		560A4AB11428AD4300754FD0 /* DemoAudioTests.octest */ = {isa = PBXFileReference; explicitFileType = wrapper.cfbundle; includeInIndex = 0; path = DemoAudioTests.octest; sourceTree = BUILT_PRODUCTS_DIR; };
		560A4AB21428AD4300754FD0 /* SenTestingKit.framework */ = {isa = PBXFileReference; lastKnownFileType = wrapper.framework; name = SenTestingKit.framework; path = Library/Frameworks/SenTestingKit.framework; sourceTree = DEVELOPER_DIR; };
		560A4ABB1428AD4300754FD0 /* DemoAudioTests-Info.plist */ = {isa = PBXFileReference; lastKnownFileType = text.plist.xml; path = "DemoAudioTests-Info.plist"; sourceTree = "<group>"; };
		560A4ABD1428AD4300754FD0 /* en */ = {isa = PBXFileReference; lastKnownFileType = text.plist.strings; name = en; path = en.lproj/InfoPlist.strings; sourceTree = "<group>"; };
		560A4ABF1428AD4300754FD0 /* DemoAudioTests.h */ = {isa = PBXFileReference; lastKnownFileType = sourcecode.c.h; path = DemoAudioTests.h; sourceTree = "<group>"; };
		560A4AC11428AD4300754FD0 /* DemoAudioTests.m */ = {isa = PBXFileReference; lastKnownFileType = sourcecode.c.objc; path = DemoAudioTests.m; sourceTree = "<group>"; };
		56258625142C625700EB53A6 /* AVFoundation.framework */ = {isa = PBXFileReference; lastKnownFileType = wrapper.framework; name = AVFoundation.framework; path = System/Library/Frameworks/AVFoundation.framework; sourceTree = SDKROOT; };
		56D8C9B41428BB6A00DB374F /* README */ = {isa = PBXFileReference; lastKnownFileType = text; path = README; sourceTree = "<group>"; };
		56D8C9B61428D4EC00DB374F /* SystemSoundServicesViewController.h */ = {isa = PBXFileReference; fileEncoding = 4; lastKnownFileType = sourcecode.c.h; path = SystemSoundServicesViewController.h; sourceTree = "<group>"; };
		56D8C9B71428D4EC00DB374F /* SystemSoundServicesViewController.m */ = {isa = PBXFileReference; fileEncoding = 4; lastKnownFileType = sourcecode.c.objc; path = SystemSoundServicesViewController.m; sourceTree = "<group>"; };
		56D8C9B81428D4EC00DB374F /* SystemSoundServicesViewController.xib */ = {isa = PBXFileReference; fileEncoding = 4; lastKnownFileType = file.xib; path = SystemSoundServicesViewController.xib; sourceTree = "<group>"; };
		56D8C9BB1428D61B00DB374F /* AVFoundationViewController.h */ = {isa = PBXFileReference; fileEncoding = 4; lastKnownFileType = sourcecode.c.h; path = AVFoundationViewController.h; sourceTree = "<group>"; };
		56D8C9BC1428D61B00DB374F /* AVFoundationViewController.m */ = {isa = PBXFileReference; fileEncoding = 4; lastKnownFileType = sourcecode.c.objc; path = AVFoundationViewController.m; sourceTree = "<group>"; };
		56D8C9BD1428D61B00DB374F /* AVFoundationViewController.xib */ = {isa = PBXFileReference; fileEncoding = 4; lastKnownFileType = file.xib; path = AVFoundationViewController.xib; sourceTree = "<group>"; };
		56D8C9C01428D68F00DB374F /* AudioQueueServicesViewController.h */ = {isa = PBXFileReference; fileEncoding = 4; lastKnownFileType = sourcecode.c.h; path = AudioQueueServicesViewController.h; sourceTree = "<group>"; };
		56D8C9C11428D68F00DB374F /* AudioQueueServicesViewController.m */ = {isa = PBXFileReference; fileEncoding = 4; lastKnownFileType = sourcecode.c.objc; path = AudioQueueServicesViewController.m; sourceTree = "<group>"; };
		56D8C9C21428D68F00DB374F /* AudioQueueServicesViewController.xib */ = {isa = PBXFileReference; fileEncoding = 4; lastKnownFileType = file.xib; path = AudioQueueServicesViewController.xib; sourceTree = "<group>"; };
		56D8C9C51428D6CA00DB374F /* AudioUnitViewController.h */ = {isa = PBXFileReference; fileEncoding = 4; lastKnownFileType = sourcecode.c.h; path = AudioUnitViewController.h; sourceTree = "<group>"; };
		56D8C9C61428D6CA00DB374F /* AudioUnitViewController.m */ = {isa = PBXFileReference; fileEncoding = 4; lastKnownFileType = sourcecode.c.objc; path = AudioUnitViewController.m; sourceTree = "<group>"; };
		56D8C9C71428D6CA00DB374F /* AudioUnitViewController.xib */ = {isa = PBXFileReference; fileEncoding = 4; lastKnownFileType = file.xib; path = AudioUnitViewController.xib; sourceTree = "<group>"; };
		56D8C9CE1428DA7C00DB374F /* AudioToolbox.framework */ = {isa = PBXFileReference; lastKnownFileType = wrapper.framework; name = AudioToolbox.framework; path = System/Library/Frameworks/AudioToolbox.framework; sourceTree = SDKROOT; };
		56D8C9D91428EA3B00DB374F /* beep.aif */ = {isa = PBXFileReference; lastKnownFileType = file; path = beep.aif; sourceTree = "<group>"; };
/* End PBXFileReference section */

/* Begin PBXFrameworksBuildPhase section */
		560A4A841428AD4200754FD0 /* Frameworks */ = {
			isa = PBXFrameworksBuildPhase;
			buildActionMask = 2147483647;
			files = (
				560A4A8C1428AD4300754FD0 /* UIKit.framework in Frameworks */,
				560A4A8E1428AD4300754FD0 /* Foundation.framework in Frameworks */,
				560A4A901428AD4300754FD0 /* CoreGraphics.framework in Frameworks */,
				56D8C9CF1428DA7C00DB374F /* AudioToolbox.framework in Frameworks */,
				56258626142C625700EB53A6 /* AVFoundation.framework in Frameworks */,
			);
			runOnlyForDeploymentPostprocessing = 0;
		};
		560A4AAD1428AD4300754FD0 /* Frameworks */ = {
			isa = PBXFrameworksBuildPhase;
			buildActionMask = 2147483647;
			files = (
				560A4AB31428AD4300754FD0 /* SenTestingKit.framework in Frameworks */,
				560A4AB41428AD4300754FD0 /* UIKit.framework in Frameworks */,
				560A4AB51428AD4300754FD0 /* Foundation.framework in Frameworks */,
				560A4AB61428AD4300754FD0 /* CoreGraphics.framework in Frameworks */,
			);
			runOnlyForDeploymentPostprocessing = 0;
		};
/* End PBXFrameworksBuildPhase section */

/* Begin PBXGroup section */
		560A4A7C1428AD4200754FD0 = {
			isa = PBXGroup;
			children = (
				56D8C9B41428BB6A00DB374F /* README */,
				560A4A911428AD4300754FD0 /* DemoAudio */,
				560A4AB91428AD4300754FD0 /* DemoAudioTests */,
				560A4A8A1428AD4300754FD0 /* Frameworks */,
				560A4A881428AD4300754FD0 /* Products */,
			);
			sourceTree = "<group>";
		};
		560A4A881428AD4300754FD0 /* Products */ = {
			isa = PBXGroup;
			children = (
				560A4A871428AD4300754FD0 /* DemoAudio.app */,
				560A4AB11428AD4300754FD0 /* DemoAudioTests.octest */,
			);
			name = Products;
			sourceTree = "<group>";
		};
		560A4A8A1428AD4300754FD0 /* Frameworks */ = {
			isa = PBXGroup;
			children = (
				560A4A8B1428AD4300754FD0 /* UIKit.framework */,
				560A4A8D1428AD4300754FD0 /* Foundation.framework */,
				560A4A8F1428AD4300754FD0 /* CoreGraphics.framework */,
				560A4AB21428AD4300754FD0 /* SenTestingKit.framework */,
				56D8C9CE1428DA7C00DB374F /* AudioToolbox.framework */,
				56258625142C625700EB53A6 /* AVFoundation.framework */,
			);
			name = Frameworks;
			sourceTree = "<group>";
		};
		560A4A911428AD4300754FD0 /* DemoAudio */ = {
			isa = PBXGroup;
			children = (
				560A4A9A1428AD4300754FD0 /* DemoAudioAppDelegate.h */,
				560A4A9B1428AD4300754FD0 /* DemoAudioAppDelegate.m */,
				560A4A9D1428AD4300754FD0 /* MainWindow.xib */,
				56D8C9B61428D4EC00DB374F /* SystemSoundServicesViewController.h */,
				56D8C9B71428D4EC00DB374F /* SystemSoundServicesViewController.m */,
				56D8C9B81428D4EC00DB374F /* SystemSoundServicesViewController.xib */,
				56D8C9BB1428D61B00DB374F /* AVFoundationViewController.h */,
				56D8C9BC1428D61B00DB374F /* AVFoundationViewController.m */,
				56D8C9BD1428D61B00DB374F /* AVFoundationViewController.xib */,
				56D8C9C01428D68F00DB374F /* AudioQueueServicesViewController.h */,
				56D8C9C11428D68F00DB374F /* AudioQueueServicesViewController.m */,
				56D8C9C21428D68F00DB374F /* AudioQueueServicesViewController.xib */,
				56D8C9C51428D6CA00DB374F /* AudioUnitViewController.h */,
				56D8C9C61428D6CA00DB374F /* AudioUnitViewController.m */,
				56D8C9C71428D6CA00DB374F /* AudioUnitViewController.xib */,
				560A4A921428AD4300754FD0 /* Supporting Files */,
				56D8C9D81428EA3A00DB374F /* Resources */,
			);
			path = DemoAudio;
			sourceTree = "<group>";
		};
		560A4A921428AD4300754FD0 /* Supporting Files */ = {
			isa = PBXGroup;
			children = (
				560A4A931428AD4300754FD0 /* DemoAudio-Info.plist */,
				560A4A941428AD4300754FD0 /* InfoPlist.strings */,
				560A4A971428AD4300754FD0 /* main.m */,
				560A4A991428AD4300754FD0 /* DemoAudio-Prefix.pch */,
			);
			name = "Supporting Files";
			sourceTree = "<group>";
		};
		560A4AB91428AD4300754FD0 /* DemoAudioTests */ = {
			isa = PBXGroup;
			children = (
				560A4ABF1428AD4300754FD0 /* DemoAudioTests.h */,
				560A4AC11428AD4300754FD0 /* DemoAudioTests.m */,
				560A4ABA1428AD4300754FD0 /* Supporting Files */,
			);
			path = DemoAudioTests;
			sourceTree = "<group>";
		};
		560A4ABA1428AD4300754FD0 /* Supporting Files */ = {
			isa = PBXGroup;
			children = (
				560A4ABB1428AD4300754FD0 /* DemoAudioTests-Info.plist */,
				560A4ABC1428AD4300754FD0 /* InfoPlist.strings */,
			);
			name = "Supporting Files";
			sourceTree = "<group>";
		};
		56D8C9D81428EA3A00DB374F /* Resources */ = {
			isa = PBXGroup;
			children = (
				56D8C9D91428EA3B00DB374F /* beep.aif */,
			);
			path = Resources;
			sourceTree = "<group>";
		};
/* End PBXGroup section */

/* Begin PBXNativeTarget section */
		560A4A861428AD4200754FD0 /* DemoAudio */ = {
			isa = PBXNativeTarget;
			buildConfigurationList = 560A4AC51428AD4300754FD0 /* Build configuration list for PBXNativeTarget "DemoAudio" */;
			buildPhases = (
				560A4A831428AD4200754FD0 /* Sources */,
				560A4A841428AD4200754FD0 /* Frameworks */,
				560A4A851428AD4200754FD0 /* Resources */,
			);
			buildRules = (
			);
			dependencies = (
			);
			name = DemoAudio;
			productName = DemoAudio;
			productReference = 560A4A871428AD4300754FD0 /* DemoAudio.app */;
			productType = "com.apple.product-type.application";
		};
		560A4AB01428AD4300754FD0 /* DemoAudioTests */ = {
			isa = PBXNativeTarget;
			buildConfigurationList = 560A4AC81428AD4300754FD0 /* Build configuration list for PBXNativeTarget "DemoAudioTests" */;
			buildPhases = (
				560A4AAC1428AD4300754FD0 /* Sources */,
				560A4AAD1428AD4300754FD0 /* Frameworks */,
				560A4AAE1428AD4300754FD0 /* Resources */,
				560A4AAF1428AD4300754FD0 /* ShellScript */,
			);
			buildRules = (
			);
			dependencies = (
				560A4AB81428AD4300754FD0 /* PBXTargetDependency */,
			);
			name = DemoAudioTests;
			productName = DemoAudioTests;
			productReference = 560A4AB11428AD4300754FD0 /* DemoAudioTests.octest */;
			productType = "com.apple.product-type.bundle";
		};
/* End PBXNativeTarget section */

/* Begin PBXProject section */
		560A4A7E1428AD4200754FD0 /* Project object */ = {
			isa = PBXProject;
			attributes = {
				LastUpgradeCheck = 0420;
				ORGANIZATIONNAME = "ビッツ有限会社";
			};
			buildConfigurationList = 560A4A811428AD4200754FD0 /* Build configuration list for PBXProject "DemoAudio" */;
			compatibilityVersion = "Xcode 3.2";
			developmentRegion = English;
			hasScannedForEncodings = 0;
			knownRegions = (
				en,
			);
			mainGroup = 560A4A7C1428AD4200754FD0;
			productRefGroup = 560A4A881428AD4300754FD0 /* Products */;
			projectDirPath = "";
			projectRoot = "";
			targets = (
				560A4A861428AD4200754FD0 /* DemoAudio */,
				560A4AB01428AD4300754FD0 /* DemoAudioTests */,
			);
		};
/* End PBXProject section */

/* Begin PBXResourcesBuildPhase section */
		560A4A851428AD4200754FD0 /* Resources */ = {
			isa = PBXResourcesBuildPhase;
			buildActionMask = 2147483647;
			files = (
				560A4A961428AD4300754FD0 /* InfoPlist.strings in Resources */,
				560A4A9F1428AD4300754FD0 /* MainWindow.xib in Resources */,
				56D8C9BA1428D4EC00DB374F /* SystemSoundServicesViewController.xib in Resources */,
				56D8C9BF1428D61B00DB374F /* AVFoundationViewController.xib in Resources */,
				56D8C9C41428D68F00DB374F /* AudioQueueServicesViewController.xib in Resources */,
				56D8C9C91428D6CA00DB374F /* AudioUnitViewController.xib in Resources */,
				56D8C9DA1428EA3B00DB374F /* beep.aif in Resources */,
			);
			runOnlyForDeploymentPostprocessing = 0;
		};
		560A4AAE1428AD4300754FD0 /* Resources */ = {
			isa = PBXResourcesBuildPhase;
			buildActionMask = 2147483647;
			files = (
				560A4ABE1428AD4300754FD0 /* InfoPlist.strings in Resources */,
				560A4AC01428AD4300754FD0 /* DemoAudioTests.h in Resources */,
			);
			runOnlyForDeploymentPostprocessing = 0;
		};
/* End PBXResourcesBuildPhase section */

/* Begin PBXShellScriptBuildPhase section */
		560A4AAF1428AD4300754FD0 /* ShellScript */ = {
			isa = PBXShellScriptBuildPhase;
			buildActionMask = 2147483647;
			files = (
			);
			inputPaths = (
			);
			outputPaths = (
			);
			runOnlyForDeploymentPostprocessing = 0;
			shellPath = /bin/sh;
			shellScript = "# Run the unit tests in this test bundle.\n\"${SYSTEM_DEVELOPER_DIR}/Tools/RunUnitTests\"\n";
		};
/* End PBXShellScriptBuildPhase section */

/* Begin PBXSourcesBuildPhase section */
		560A4A831428AD4200754FD0 /* Sources */ = {
			isa = PBXSourcesBuildPhase;
			buildActionMask = 2147483647;
			files = (
				560A4A981428AD4300754FD0 /* main.m in Sources */,
				560A4A9C1428AD4300754FD0 /* DemoAudioAppDelegate.m in Sources */,
				56D8C9B91428D4EC00DB374F /* SystemSoundServicesViewController.m in Sources */,
				56D8C9BE1428D61B00DB374F /* AVFoundationViewController.m in Sources */,
				56D8C9C31428D68F00DB374F /* AudioQueueServicesViewController.m in Sources */,
				56D8C9C81428D6CA00DB374F /* AudioUnitViewController.m in Sources */,
			);
			runOnlyForDeploymentPostprocessing = 0;
		};
		560A4AAC1428AD4300754FD0 /* Sources */ = {
			isa = PBXSourcesBuildPhase;
			buildActionMask = 2147483647;
			files = (
				560A4AC21428AD4300754FD0 /* DemoAudioTests.m in Sources */,
			);
			runOnlyForDeploymentPostprocessing = 0;
		};
/* End PBXSourcesBuildPhase section */

/* Begin PBXTargetDependency section */
		560A4AB81428AD4300754FD0 /* PBXTargetDependency */ = {
			isa = PBXTargetDependency;
			target = 560A4A861428AD4200754FD0 /* DemoAudio */;
			targetProxy = 560A4AB71428AD4300754FD0 /* PBXContainerItemProxy */;
		};
/* End PBXTargetDependency section */

/* Begin PBXVariantGroup section */
		560A4A941428AD4300754FD0 /* InfoPlist.strings */ = {
			isa = PBXVariantGroup;
			children = (
				560A4A951428AD4300754FD0 /* en */,
			);
			name = InfoPlist.strings;
			sourceTree = "<group>";
		};
		560A4A9D1428AD4300754FD0 /* MainWindow.xib */ = {
			isa = PBXVariantGroup;
			children = (
				560A4A9E1428AD4300754FD0 /* en */,
			);
			name = MainWindow.xib;
			sourceTree = "<group>";
		};
		560A4ABC1428AD4300754FD0 /* InfoPlist.strings */ = {
			isa = PBXVariantGroup;
			children = (
				560A4ABD1428AD4300754FD0 /* en */,
			);
			name = InfoPlist.strings;
			sourceTree = "<group>";
		};
/* End PBXVariantGroup section */

/* Begin XCBuildConfiguration section */
		560A4AC31428AD4300754FD0 /* Debug */ = {
			isa = XCBuildConfiguration;
			buildSettings = {
				ALWAYS_SEARCH_USER_PATHS = NO;
				ARCHS = "$(ARCHS_STANDARD_32_BIT)";
				"CODE_SIGN_IDENTITY[sdk=iphoneos*]" = "iPhone Developer";
				COPY_PHASE_STRIP = NO;
				GCC_C_LANGUAGE_STANDARD = gnu99;
				GCC_DYNAMIC_NO_PIC = NO;
				GCC_OPTIMIZATION_LEVEL = 0;
				GCC_PREPROCESSOR_DEFINITIONS = (
					"DEBUG=1",
					"$(inherited)",
				);
				GCC_SYMBOLS_PRIVATE_EXTERN = NO;
				GCC_VERSION = com.apple.compilers.llvmgcc42;
				GCC_WARN_ABOUT_MISSING_PROTOTYPES = YES;
				GCC_WARN_ABOUT_RETURN_TYPE = YES;
				GCC_WARN_UNUSED_VARIABLE = YES;
				SDKROOT = iphoneos;
			};
			name = Debug;
		};
		560A4AC41428AD4300754FD0 /* Release */ = {
			isa = XCBuildConfiguration;
			buildSettings = {
				ALWAYS_SEARCH_USER_PATHS = NO;
				ARCHS = "$(ARCHS_STANDARD_32_BIT)";
				"CODE_SIGN_IDENTITY[sdk=iphoneos*]" = "iPhone Developer";
				COPY_PHASE_STRIP = YES;
				GCC_C_LANGUAGE_STANDARD = gnu99;
				GCC_VERSION = com.apple.compilers.llvmgcc42;
				GCC_WARN_ABOUT_MISSING_PROTOTYPES = YES;
				GCC_WARN_ABOUT_RETURN_TYPE = YES;
				GCC_WARN_UNUSED_VARIABLE = YES;
				OTHER_CFLAGS = "-DNS_BLOCK_ASSERTIONS=1";
				SDKROOT = iphoneos;
				VALIDATE_PRODUCT = YES;
			};
			name = Release;
		};
		560A4AC61428AD4300754FD0 /* Debug */ = {
			isa = XCBuildConfiguration;
			buildSettings = {
				GCC_PRECOMPILE_PREFIX_HEADER = YES;
				GCC_PREFIX_HEADER = "DemoAudio/DemoAudio-Prefix.pch";
				GCC_VERSION = com.apple.compilers.llvm.clang.1_0;
				INFOPLIST_FILE = "DemoAudio/DemoAudio-Info.plist";
				PRODUCT_NAME = "$(TARGET_NAME)";
				WRAPPER_EXTENSION = app;
			};
			name = Debug;
		};
		560A4AC71428AD4300754FD0 /* Release */ = {
			isa = XCBuildConfiguration;
			buildSettings = {
				GCC_PRECOMPILE_PREFIX_HEADER = YES;
				GCC_PREFIX_HEADER = "DemoAudio/DemoAudio-Prefix.pch";
				GCC_VERSION = com.apple.compilers.llvm.clang.1_0;
				INFOPLIST_FILE = "DemoAudio/DemoAudio-Info.plist";
				PRODUCT_NAME = "$(TARGET_NAME)";
				WRAPPER_EXTENSION = app;
			};
			name = Release;
		};
		560A4AC91428AD4300754FD0 /* Debug */ = {
			isa = XCBuildConfiguration;
			buildSettings = {
				BUNDLE_LOADER = "$(BUILT_PRODUCTS_DIR)/DemoAudio.app/DemoAudio";
				FRAMEWORK_SEARCH_PATHS = (
					"$(SDKROOT)/Developer/Library/Frameworks",
					"$(DEVELOPER_LIBRARY_DIR)/Frameworks",
				);
				GCC_PRECOMPILE_PREFIX_HEADER = YES;
				GCC_PREFIX_HEADER = "DemoAudio/DemoAudio-Prefix.pch";
				GCC_VERSION = com.apple.compilers.llvm.clang.1_0;
				INFOPLIST_FILE = "DemoAudioTests/DemoAudioTests-Info.plist";
				PRODUCT_NAME = "$(TARGET_NAME)";
				TEST_HOST = "$(BUNDLE_LOADER)";
				WRAPPER_EXTENSION = octest;
			};
			name = Debug;
		};
		560A4ACA1428AD4300754FD0 /* Release */ = {
			isa = XCBuildConfiguration;
			buildSettings = {
				BUNDLE_LOADER = "$(BUILT_PRODUCTS_DIR)/DemoAudio.app/DemoAudio";
				FRAMEWORK_SEARCH_PATHS = (
					"$(SDKROOT)/Developer/Library/Frameworks",
					"$(DEVELOPER_LIBRARY_DIR)/Frameworks",
				);
				GCC_PRECOMPILE_PREFIX_HEADER = YES;
				GCC_PREFIX_HEADER = "DemoAudio/DemoAudio-Prefix.pch";
				GCC_VERSION = com.apple.compilers.llvm.clang.1_0;
				INFOPLIST_FILE = "DemoAudioTests/DemoAudioTests-Info.plist";
				PRODUCT_NAME = "$(TARGET_NAME)";
				TEST_HOST = "$(BUNDLE_LOADER)";
				WRAPPER_EXTENSION = octest;
			};
			name = Release;
		};
/* End XCBuildConfiguration section */

/* Begin XCConfigurationList section */
		560A4A811428AD4200754FD0 /* Build configuration list for PBXProject "DemoAudio" */ = {
			isa = XCConfigurationList;
			buildConfigurations = (
				560A4AC31428AD4300754FD0 /* Debug */,
				560A4AC41428AD4300754FD0 /* Release */,
			);
			defaultConfigurationIsVisible = 0;
			defaultConfigurationName = Release;
		};
		560A4AC51428AD4300754FD0 /* Build configuration list for PBXNativeTarget "DemoAudio" */ = {
			isa = XCConfigurationList;
			buildConfigurations = (
				560A4AC61428AD4300754FD0 /* Debug */,
				560A4AC71428AD4300754FD0 /* Release */,
			);
			defaultConfigurationIsVisible = 0;
			defaultConfigurationName = Release;
		};
		560A4AC81428AD4300754FD0 /* Build configuration list for PBXNativeTarget "DemoAudioTests" */ = {
			isa = XCConfigurationList;
			buildConfigurations = (
				560A4AC91428AD4300754FD0 /* Debug */,
				560A4ACA1428AD4300754FD0 /* Release */,
			);
			defaultConfigurationIsVisible = 0;
			defaultConfigurationName = Release;
		};
/* End XCConfigurationList section */
	};
	rootObject = 560A4A7E1428AD4200754FD0 /* Project object */;
}
